
Microsoft Visual Studio Solution File, Format Version 12.00
# Visual Studio Version 17
VisualStudioVersion = 17.0.31903.59
MinimumVisualStudioVersion = 10.0.40219.1
Project("{2150E333-8FDC-42A3-9474-1A3956D46DE8}") = "Common", "Common", "{881589EE-639B-0A35-DBCE-5D94E4FC90C0}"
EndProject
Project("{FAE04EC0-301F-11D3-BF4B-00C04F79EFBC}") = "Putopis.Common", "Common\Putopis.Common.csproj", "{6FEA884C-B82C-491E-9F08-8BFB518CBEB7}"
EndProject
Project("{FAE04EC0-301F-11D3-BF4B-00C04F79EFBC}") = "Putopis.Gateway", "Gateway\Putopis.Gateway.csproj", "{05195942-38CC-4C0E-90AB-9845DA822CE6}"
EndProject
Project("{FAE04EC0-301F-11D3-BF4B-00C04F79EFBC}") = "Putopis.Users", "UsersService\Putopis.Users.csproj", "{145DB7CC-7D0E-4F17-BDB3-FB52EB7F1354}"
EndProject
Project("{FAE04EC0-301F-11D3-BF4B-00C04F79EFBC}") = "Putopis.Trips", "TripsService\Putopis.Trips.csproj", "{FE99803A-0E88-45AD-99A0-619AD1DC81CB}"
EndProject
Project("{FAE04EC0-301F-11D3-BF4B-00C04F79EFBC}") = "Putopis.Share", "ShareService\Putopis.Share.csproj", "{FEFC59E1-0D6A-42D8-8CB3-2FE32B56AE81}"
EndProject
Project("{A07B5EB6-E848-4116-A8D0-A826331D98C6}") = "Putopis.Application", "PutopisCluster\Putopis.Application.sfproj", "{A6B1C000-1111-4444-8888-AAAAAAAAAAAA}"
EndProject
Global
	GlobalSection(SolutionConfigurationPlatforms) = preSolution
		Debug|Any CPU = Debug|Any CPU
		Debug|x64 = Debug|x64
		Debug|x86 = Debug|x86
		Release|Any CPU = Release|Any CPU
		Release|x64 = Release|x64
		Release|x86 = Release|x86
	EndGlobalSection
	GlobalSection(ProjectConfigurationPlatforms) = postSolution
		{6FEA884C-B82C-491E-9F08-8BFB518CBEB7}.Debug|Any CPU.ActiveCfg = Debug|Any CPU
		{6FEA884C-B82C-491E-9F08-8BFB518CBEB7}.Debug|Any CPU.Build.0 = Debug|Any CPU
		{6FEA884C-B82C-491E-9F08-8BFB518CBEB7}.Debug|x64.ActiveCfg = Debug|Any CPU
		{6FEA884C-B82C-491E-9F08-8BFB518CBEB7}.Debug|x64.Build.0 = Debug|Any CPU
		{6FEA884C-B82C-491E-9F08-8BFB518CBEB7}.Debug|x86.ActiveCfg = Debug|Any CPU
		{6FEA884C-B82C-491E-9F08-8BFB518CBEB7}.Debug|x86.Build.0 = Debug|Any CPU
		{6FEA884C-B82C-491E-9F08-8BFB518CBEB7}.Release|Any CPU.ActiveCfg = Release|Any CPU
		{6FEA884C-B82C-491E-9F08-8BFB518CBEB7}.Release|Any CPU.Build.0 = Release|Any CPU
		{6FEA884C-B82C-491E-9F08-8BFB518CBEB7}.Release|x64.ActiveCfg = Release|Any CPU
		{6FEA884C-B82C-491E-9F08-8BFB518CBEB7}.Release|x64.Build.0 = Release|Any CPU
		{6FEA884C-B82C-491E-9F08-8BFB518CBEB7}.Release|x86.ActiveCfg = Release|Any CPU
		{6FEA884C-B82C-491E-9F08-8BFB518CBEB7}.Release|x86.Build.0 = Release|Any CPU
		{05195942-38CC-4C0E-90AB-9845DA822CE6}.Debug|Any CPU.ActiveCfg = Debug|Any CPU
		{05195942-38CC-4C0E-90AB-9845DA822CE6}.Debug|Any CPU.Build.0 = Debug|Any CPU
		{05195942-38CC-4C0E-90AB-9845DA822CE6}.Debug|x64.ActiveCfg = Debug|Any CPU
		{05195942-38CC-4C0E-90AB-9845DA822CE6}.Debug|x64.Build.0 = Debug|Any CPU
		{05195942-38CC-4C0E-90AB-9845DA822CE6}.Debug|x86.ActiveCfg = Debug|Any CPU
		{05195942-38CC-4C0E-90AB-9845DA822CE6}.Debug|x86.Build.0 = Debug|Any CPU
		{05195942-38CC-4C0E-90AB-9845DA822CE6}.Release|Any CPU.ActiveCfg = Release|Any CPU
		{05195942-38CC-4C0E-90AB-9845DA822CE6}.Release|Any CPU.Build.0 = Release|Any CPU
		{05195942-38CC-4C0E-90AB-9845DA822CE6}.Release|x64.ActiveCfg = Release|Any CPU
		{05195942-38CC-4C0E-90AB-9845DA822CE6}.Release|x64.Build.0 = Release|Any CPU
		{05195942-38CC-4C0E-90AB-9845DA822CE6}.Release|x86.ActiveCfg = Release|Any CPU
		{05195942-38CC-4C0E-90AB-9845DA822CE6}.Release|x86.Build.0 = Release|Any CPU
		{145DB7CC-7D0E-4F17-BDB3-FB52EB7F1354}.Debug|Any CPU.ActiveCfg = Debug|Any CPU
		{145DB7CC-7D0E-4F17-BDB3-FB52EB7F1354}.Debug|Any CPU.Build.0 = Debug|Any CPU
		{145DB7CC-7D0E-4F17-BDB3-FB52EB7F1354}.Debug|x64.ActiveCfg = Debug|Any CPU
		{145DB7CC-7D0E-4F17-BDB3-FB52EB7F1354}.Debug|x64.Build.0 = Debug|Any CPU
		{145DB7CC-7D0E-4F17-BDB3-FB52EB7F1354}.Debug|x86.ActiveCfg = Debug|Any CPU
		{145DB7CC-7D0E-4F17-BDB3-FB52EB7F1354}.Debug|x86.Build.0 = Debug|Any CPU
		{145DB7CC-7D0E-4F17-BDB3-FB52EB7F1354}.Release|Any CPU.ActiveCfg = Release|Any CPU
		{145DB7CC-7D0E-4F17-BDB3-FB52EB7F1354}.Release|Any CPU.Build.0 = Release|Any CPU
		{145DB7CC-7D0E-4F17-BDB3-FB52EB7F1354}.Release|x64.ActiveCfg = Release|Any CPU
		{145DB7CC-7D0E-4F17-BDB3-FB52EB7F1354}.Release|x64.Build.0 = Release|Any CPU
		{145DB7CC-7D0E-4F17-BDB3-FB52EB7F1354}.Release|x86.ActiveCfg = Release|Any CPU
		{145DB7CC-7D0E-4F17-BDB3-FB52EB7F1354}.Release|x86.Build.0 = Release|Any CPU
		{FE99803A-0E88-45AD-99A0-619AD1DC81CB}.Debug|Any CPU.ActiveCfg = Debug|Any CPU
		{FE99803A-0E88-45AD-99A0-619AD1DC81CB}.Debug|Any CPU.Build.0 = Debug|Any CPU
		{FE99803A-0E88-45AD-99A0-619AD1DC81CB}.Debug|x64.ActiveCfg = Debug|Any CPU
		{FE99803A-0E88-45AD-99A0-619AD1DC81CB}.Debug|x64.Build.0 = Debug|Any CPU
		{FE99803A-0E88-45AD-99A0-619AD1DC81CB}.Debug|x86.ActiveCfg = Debug|Any CPU
		{FE99803A-0E88-45AD-99A0-619AD1DC81CB}.Debug|x86.Build.0 = Debug|Any CPU
		{FE99803A-0E88-45AD-99A0-619AD1DC81CB}.Release|Any CPU.ActiveCfg = Release|Any CPU
		{FE99803A-0E88-45AD-99A0-619AD1DC81CB}.Release|Any CPU.Build.0 = Release|Any CPU
		{FE99803A-0E88-45AD-99A0-619AD1DC81CB}.Release|x64.ActiveCfg = Release|Any CPU
		{FE99803A-0E88-45AD-99A0-619AD1DC81CB}.Release|x64.Build.0 = Release|Any CPU
		{FE99803A-0E88-45AD-99A0-619AD1DC81CB}.Release|x86.ActiveCfg = Release|Any CPU
		{FE99803A-0E88-45AD-99A0-619AD1DC81CB}.Release|x86.Build.0 = Release|Any CPU
		{FEFC59E1-0D6A-42D8-8CB3-2FE32B56AE81}.Debug|Any CPU.ActiveCfg = Debug|Any CPU
		{FEFC59E1-0D6A-42D8-8CB3-2FE32B56AE81}.Debug|Any CPU.Build.0 = Debug|Any CPU
		{FEFC59E1-0D6A-42D8-8CB3-2FE32B56AE81}.Debug|x64.ActiveCfg = Debug|Any CPU
		{FEFC59E1-0D6A-42D8-8CB3-2FE32B56AE81}.Debug|x64.Build.0 = Debug|Any CPU
		{FEFC59E1-0D6A-42D8-8CB3-2FE32B56AE81}.Debug|x86.ActiveCfg = Debug|Any CPU
		{FEFC59E1-0D6A-42D8-8CB3-2FE32B56AE81}.Debug|x86.Build.0 = Debug|Any CPU
		{FEFC59E1-0D6A-42D8-8CB3-2FE32B56AE81}.Release|Any CPU.ActiveCfg = Release|Any CPU
		{FEFC59E1-0D6A-42D8-8CB3-2FE32B56AE81}.Release|Any CPU.Build.0 = Release|Any CPU
		{FEFC59E1-0D6A-42D8-8CB3-2FE32B56AE81}.Release|x64.ActiveCfg = Release|Any CPU
		{FEFC59E1-0D6A-42D8-8CB3-2FE32B56AE81}.Release|x64.Build.0 = Release|Any CPU
		{FEFC59E1-0D6A-42D8-8CB3-2FE32B56AE81}.Release|x86.ActiveCfg = Release|Any CPU
		{FEFC59E1-0D6A-42D8-8CB3-2FE32B56AE81}.Release|x86.Build.0 = Release|Any CPU
	EndGlobalSection
	GlobalSection(SolutionProperties) = preSolution
		HideSolutionNode = FALSE
	EndGlobalSection
	GlobalSection(ExtensibilityGlobals) = postSolution
		SolutionGuid = {0C575658-89EE-4973-9F08-32E9D0F9096F}
	EndGlobalSection
EndGlobal
